
Microsoft Visual Studio Solution File, Format Version 12.00
# Visual Studio 2013
VisualStudioVersion = 12.0.30501.0
MinimumVisualStudioVersion = 10.0.40219.1
Project("{8BC9CEB8-8B4A-11D0-8D11-00A0C91BC942}") = "Alignment and padding", "Alignment and padding\Alignment and padding.vcxproj", "{403E8A20-7862-4BD7-ABB1-093E4A527062}"
EndProject
Global
	GlobalSection(SolutionConfigurationPlatforms) = preSolution
		Debug|Win32 = Debug|Win32
		Release|Win32 = Release|Win32
	EndGlobalSection
	GlobalSection(ProjectConfigurationPlatforms) = postSolution
		{403E8A20-7862-4BD7-ABB1-093E4A527062}.Debug|Win32.ActiveCfg = Debug|Win32
		{403E8A20-7862-4BD7-ABB1-093E4A527062}.Debug|Win32.Build.0 = Debug|Win32
		{403E8A20-7862-4BD7-ABB1-093E4A527062}.Release|Win32.ActiveCfg = Release|Win32
		{403E8A20-7862-4BD7-ABB1-093E4A527062}.Release|Win32.Build.0 = Release|Win32
	EndGlobalSection
	GlobalSection(SolutionProperties) = preSolution
		HideSolutionNode = FALSE
	EndGlobalSection
EndGlobal
