
Microsoft Visual Studio Solution File, Format Version 12.00
# Visual Studio 2012
Project("{8BC9CEB8-8B4A-11D0-8D11-00A0C91BC942}") = "List Command Line Arguments", "List Command Line Arguments\List Command Line Arguments.vcxproj", "{C0EC9E1C-873E-4017-9901-744FDF83BE73}"
EndProject
Global
	GlobalSection(SolutionConfigurationPlatforms) = preSolution
		Debug|Win32 = Debug|Win32
		Release|Win32 = Release|Win32
	EndGlobalSection
	GlobalSection(ProjectConfigurationPlatforms) = postSolution
		{C0EC9E1C-873E-4017-9901-744FDF83BE73}.Debug|Win32.ActiveCfg = Debug|Win32
		{C0EC9E1C-873E-4017-9901-744FDF83BE73}.Debug|Win32.Build.0 = Debug|Win32
		{C0EC9E1C-873E-4017-9901-744FDF83BE73}.Release|Win32.ActiveCfg = Release|Win32
		{C0EC9E1C-873E-4017-9901-744FDF83BE73}.Release|Win32.Build.0 = Release|Win32
	EndGlobalSection
	GlobalSection(SolutionProperties) = preSolution
		HideSolutionNode = FALSE
	EndGlobalSection
EndGlobal
