
Microsoft Visual Studio Solution File, Format Version 12.00
# Visual Studio 2012
Project("{8BC9CEB8-8B4A-11D0-8D11-00A0C91BC942}") = "Static Inside a Function", "Static Inside a Function\Static Inside a Function.vcxproj", "{BEA0483D-87DF-4D17-8A2F-B143C497F7A0}"
EndProject
Project("{8BC9CEB8-8B4A-11D0-8D11-00A0C91BC942}") = "Static Inside a Class", "Static Inside a Class\Static Inside a Class.vcxproj", "{6108CC45-541C-48F3-B17B-AEAB2E889ACB}"
EndProject
Global
	GlobalSection(SolutionConfigurationPlatforms) = preSolution
		Debug|Win32 = Debug|Win32
		Release|Win32 = Release|Win32
	EndGlobalSection
	GlobalSection(ProjectConfigurationPlatforms) = postSolution
		{BEA0483D-87DF-4D17-8A2F-B143C497F7A0}.Debug|Win32.ActiveCfg = Debug|Win32
		{BEA0483D-87DF-4D17-8A2F-B143C497F7A0}.Debug|Win32.Build.0 = Debug|Win32
		{BEA0483D-87DF-4D17-8A2F-B143C497F7A0}.Release|Win32.ActiveCfg = Release|Win32
		{BEA0483D-87DF-4D17-8A2F-B143C497F7A0}.Release|Win32.Build.0 = Release|Win32
		{6108CC45-541C-48F3-B17B-AEAB2E889ACB}.Debug|Win32.ActiveCfg = Debug|Win32
		{6108CC45-541C-48F3-B17B-AEAB2E889ACB}.Debug|Win32.Build.0 = Debug|Win32
		{6108CC45-541C-48F3-B17B-AEAB2E889ACB}.Release|Win32.ActiveCfg = Release|Win32
		{6108CC45-541C-48F3-B17B-AEAB2E889ACB}.Release|Win32.Build.0 = Release|Win32
	EndGlobalSection
	GlobalSection(SolutionProperties) = preSolution
		HideSolutionNode = FALSE
	EndGlobalSection
EndGlobal
