
Microsoft Visual Studio Solution File, Format Version 12.00
# Visual Studio 2012
Project("{8BC9CEB8-8B4A-11D0-8D11-00A0C91BC942}") = "File Size", "File Size\File Size.vcxproj", "{ACB4C3A4-F61D-41FF-B300-8E6A5030A0E6}"
EndProject
Global
	GlobalSection(SolutionConfigurationPlatforms) = preSolution
		Debug|Win32 = Debug|Win32
		Release|Win32 = Release|Win32
	EndGlobalSection
	GlobalSection(ProjectConfigurationPlatforms) = postSolution
		{ACB4C3A4-F61D-41FF-B300-8E6A5030A0E6}.Debug|Win32.ActiveCfg = Debug|Win32
		{ACB4C3A4-F61D-41FF-B300-8E6A5030A0E6}.Debug|Win32.Build.0 = Debug|Win32
		{ACB4C3A4-F61D-41FF-B300-8E6A5030A0E6}.Release|Win32.ActiveCfg = Release|Win32
		{ACB4C3A4-F61D-41FF-B300-8E6A5030A0E6}.Release|Win32.Build.0 = Release|Win32
	EndGlobalSection
	GlobalSection(SolutionProperties) = preSolution
		HideSolutionNode = FALSE
	EndGlobalSection
EndGlobal
